// !$*UTF8*$!
{
	archiveVersion = 1;
	classes = {
	};
	objectVersion = 46;
	objects = {

/* Begin PBXBuildFile section */
		40A4386D1A75973B00A24AA0 /* AppDelegate.swift in Sources */ = {isa = PBXBuildFile; fileRef = 40A4386C1A75973B00A24AA0 /* AppDelegate.swift */; };
		40A4386F1A75973B00A24AA0 /* ViewController.swift in Sources */ = {isa = PBXBuildFile; fileRef = 40A4386E1A75973B00A24AA0 /* ViewController.swift */; };
		40A438721A75973B00A24AA0 /* Main.storyboard in Resources */ = {isa = PBXBuildFile; fileRef = 40A438701A75973B00A24AA0 /* Main.storyboard */; };
		40A438741A75973B00A24AA0 /* Images.xcassets in Resources */ = {isa = PBXBuildFile; fileRef = 40A438731A75973B00A24AA0 /* Images.xcassets */; };
		40A438771A75973B00A24AA0 /* LaunchScreen.xib in Resources */ = {isa = PBXBuildFile; fileRef = 40A438751A75973B00A24AA0 /* LaunchScreen.xib */; };
		40A438831A75973B00A24AA0 /* Food_ExcludeTests.swift in Sources */ = {isa = PBXBuildFile; fileRef = 40A438821A75973B00A24AA0 /* Food_ExcludeTests.swift */; };
		40A4388F1A75A6BD00A24AA0 /* gitignore in Resources */ = {isa = PBXBuildFile; fileRef = 40A4388E1A75A6BD00A24AA0 /* gitignore */; };
		40A438931A7692F100A24AA0 /* readme in Resources */ = {isa = PBXBuildFile; fileRef = 40A438921A7692F100A24AA0 /* readme */; };
/* End PBXBuildFile section */

/* Begin PBXContainerItemProxy section */
		40A4387D1A75973B00A24AA0 /* PBXContainerItemProxy */ = {
			isa = PBXContainerItemProxy;
			containerPortal = 40A4385F1A75973B00A24AA0 /* Project object */;
			proxyType = 1;
			remoteGlobalIDString = 40A438661A75973B00A24AA0;
			remoteInfo = "Food Exclude";
		};
/* End PBXContainerItemProxy section */

/* Begin PBXFileReference section */
		40A438671A75973B00A24AA0 /* Food Exclude.app */ = {isa = PBXFileReference; explicitFileType = wrapper.application; includeInIndex = 0; path = "Food Exclude.app"; sourceTree = BUILT_PRODUCTS_DIR; };
		40A4386B1A75973B00A24AA0 /* Info.plist */ = {isa = PBXFileReference; lastKnownFileType = text.plist.xml; path = Info.plist; sourceTree = "<group>"; };
		40A4386C1A75973B00A24AA0 /* AppDelegate.swift */ = {isa = PBXFileReference; lastKnownFileType = sourcecode.swift; path = AppDelegate.swift; sourceTree = "<group>"; };
		40A4386E1A75973B00A24AA0 /* ViewController.swift */ = {isa = PBXFileReference; lastKnownFileType = sourcecode.swift; path = ViewController.swift; sourceTree = "<group>"; };
		40A438711A75973B00A24AA0 /* Base */ = {isa = PBXFileReference; lastKnownFileType = file.storyboard; name = Base; path = Base.lproj/Main.storyboard; sourceTree = "<group>"; };
		40A438731A75973B00A24AA0 /* Images.xcassets */ = {isa = PBXFileReference; lastKnownFileType = folder.assetcatalog; path = Images.xcassets; sourceTree = "<group>"; };
		40A438761A75973B00A24AA0 /* Base */ = {isa = PBXFileReference; lastKnownFileType = file.xib; name = Base; path = Base.lproj/LaunchScreen.xib; sourceTree = "<group>"; };
		40A4387C1A75973B00A24AA0 /* Food ExcludeTests.xctest */ = {isa = PBXFileReference; explicitFileType = wrapper.cfbundle; includeInIndex = 0; path = "Food ExcludeTests.xctest"; sourceTree = BUILT_PRODUCTS_DIR; };
		40A438811A75973B00A24AA0 /* Info.plist */ = {isa = PBXFileReference; lastKnownFileType = text.plist.xml; path = Info.plist; sourceTree = "<group>"; };
		40A438821A75973B00A24AA0 /* Food_ExcludeTests.swift */ = {isa = PBXFileReference; lastKnownFileType = sourcecode.swift; path = Food_ExcludeTests.swift; sourceTree = "<group>"; };
		40A4388E1A75A6BD00A24AA0 /* gitignore */ = {isa = PBXFileReference; fileEncoding = 4; lastKnownFileType = text; path = gitignore; sourceTree = "<group>"; };
		40A438921A7692F100A24AA0 /* readme */ = {isa = PBXFileReference; fileEncoding = 4; lastKnownFileType = text; path = readme; sourceTree = "<group>"; };
/* End PBXFileReference section */

/* Begin PBXFrameworksBuildPhase section */
		40A438641A75973B00A24AA0 /* Frameworks */ = {
			isa = PBXFrameworksBuildPhase;
			buildActionMask = 2147483647;
			files = (
			);
			runOnlyForDeploymentPostprocessing = 0;
		};
		40A438791A75973B00A24AA0 /* Frameworks */ = {
			isa = PBXFrameworksBuildPhase;
			buildActionMask = 2147483647;
			files = (
			);
			runOnlyForDeploymentPostprocessing = 0;
		};
/* End PBXFrameworksBuildPhase section */

/* Begin PBXGroup section */
		40A4385E1A75973B00A24AA0 = {
			isa = PBXGroup;
			children = (
				40A438691A75973B00A24AA0 /* Food Exclude */,
				40A4387F1A75973B00A24AA0 /* Food ExcludeTests */,
				40A438681A75973B00A24AA0 /* Products */,
			);
			sourceTree = "<group>";
		};
		40A438681A75973B00A24AA0 /* Products */ = {
			isa = PBXGroup;
			children = (
				40A438671A75973B00A24AA0 /* Food Exclude.app */,
				40A4387C1A75973B00A24AA0 /* Food ExcludeTests.xctest */,
			);
			name = Products;
			sourceTree = "<group>";
		};
		40A438691A75973B00A24AA0 /* Food Exclude */ = {
			isa = PBXGroup;
			children = (
				40A4386C1A75973B00A24AA0 /* AppDelegate.swift */,
				40A4386E1A75973B00A24AA0 /* ViewController.swift */,
				40A438701A75973B00A24AA0 /* Main.storyboard */,
				40A438731A75973B00A24AA0 /* Images.xcassets */,
				40A438751A75973B00A24AA0 /* LaunchScreen.xib */,
				40A4386A1A75973B00A24AA0 /* Supporting Files */,
			);
			path = "Food Exclude";
			sourceTree = "<group>";
		};
		40A4386A1A75973B00A24AA0 /* Supporting Files */ = {
			isa = PBXGroup;
			children = (
				40A4388E1A75A6BD00A24AA0 /* gitignore */,
				40A4386B1A75973B00A24AA0 /* Info.plist */,
				40A438921A7692F100A24AA0 /* readme */,
			);
			name = "Supporting Files";
			sourceTree = "<group>";
		};
		40A4387F1A75973B00A24AA0 /* Food ExcludeTests */ = {
			isa = PBXGroup;
			children = (
				40A438821A75973B00A24AA0 /* Food_ExcludeTests.swift */,
				40A438801A75973B00A24AA0 /* Supporting Files */,
			);
			path = "Food ExcludeTests";
			sourceTree = "<group>";
		};
		40A438801A75973B00A24AA0 /* Supporting Files */ = {
			isa = PBXGroup;
			children = (
				40A438811A75973B00A24AA0 /* Info.plist */,
			);
			name = "Supporting Files";
			sourceTree = "<group>";
		};
/* End PBXGroup section */

/* Begin PBXNativeTarget section */
		40A438661A75973B00A24AA0 /* Food Exclude */ = {
			isa = PBXNativeTarget;
			buildConfigurationList = 40A438861A75973B00A24AA0 /* Build configuration list for PBXNativeTarget "Food Exclude" */;
			buildPhases = (
				40A438631A75973B00A24AA0 /* Sources */,
				40A438641A75973B00A24AA0 /* Frameworks */,
				40A438651A75973B00A24AA0 /* Resources */,
			);
			buildRules = (
			);
			dependencies = (
			);
			name = "Food Exclude";
			productName = "Food Exclude";
			productReference = 40A438671A75973B00A24AA0 /* Food Exclude.app */;
			productType = "com.apple.product-type.application";
		};
		40A4387B1A75973B00A24AA0 /* Food ExcludeTests */ = {
			isa = PBXNativeTarget;
			buildConfigurationList = 40A438891A75973B00A24AA0 /* Build configuration list for PBXNativeTarget "Food ExcludeTests" */;
			buildPhases = (
				40A438781A75973B00A24AA0 /* Sources */,
				40A438791A75973B00A24AA0 /* Frameworks */,
				40A4387A1A75973B00A24AA0 /* Resources */,
			);
			buildRules = (
			);
			dependencies = (
				40A4387E1A75973B00A24AA0 /* PBXTargetDependency */,
			);
			name = "Food ExcludeTests";
			productName = "Food ExcludeTests";
			productReference = 40A4387C1A75973B00A24AA0 /* Food ExcludeTests.xctest */;
			productType = "com.apple.product-type.bundle.unit-test";
		};
/* End PBXNativeTarget section */

/* Begin PBXProject section */
		40A4385F1A75973B00A24AA0 /* Project object */ = {
			isa = PBXProject;
			attributes = {
				LastUpgradeCheck = 0610;
				ORGANIZATIONNAME = "Eric Mentele";
				TargetAttributes = {
					40A438661A75973B00A24AA0 = {
						CreatedOnToolsVersion = 6.1.1;
					};
					40A4387B1A75973B00A24AA0 = {
						CreatedOnToolsVersion = 6.1.1;
						TestTargetID = 40A438661A75973B00A24AA0;
					};
				};
			};
			buildConfigurationList = 40A438621A75973B00A24AA0 /* Build configuration list for PBXProject "Food Exclude" */;
			compatibilityVersion = "Xcode 3.2";
			developmentRegion = English;
			hasScannedForEncodings = 0;
			knownRegions = (
				en,
				Base,
			);
			mainGroup = 40A4385E1A75973B00A24AA0;
			productRefGroup = 40A438681A75973B00A24AA0 /* Products */;
			projectDirPath = "";
			projectRoot = "";
			targets = (
				40A438661A75973B00A24AA0 /* Food Exclude */,
				40A4387B1A75973B00A24AA0 /* Food ExcludeTests */,
			);
		};
/* End PBXProject section */

/* Begin PBXResourcesBuildPhase section */
		40A438651A75973B00A24AA0 /* Resources */ = {
			isa = PBXResourcesBuildPhase;
			buildActionMask = 2147483647;
			files = (
				40A438931A7692F100A24AA0 /* readme in Resources */,
				40A438721A75973B00A24AA0 /* Main.storyboard in Resources */,
				40A4388F1A75A6BD00A24AA0 /* gitignore in Resources */,
				40A438771A75973B00A24AA0 /* LaunchScreen.xib in Resources */,
				40A438741A75973B00A24AA0 /* Images.xcassets in Resources */,
			);
			runOnlyForDeploymentPostprocessing = 0;
		};
		40A4387A1A75973B00A24AA0 /* Resources */ = {
			isa = PBXResourcesBuildPhase;
			buildActionMask = 2147483647;
			files = (
			);
			runOnlyForDeploymentPostprocessing = 0;
		};
/* End PBXResourcesBuildPhase section */

/* Begin PBXSourcesBuildPhase section */
		40A438631A75973B00A24AA0 /* Sources */ = {
			isa = PBXSourcesBuildPhase;
			buildActionMask = 2147483647;
			files = (
				40A4386F1A75973B00A24AA0 /* ViewController.swift in Sources */,
				40A4386D1A75973B00A24AA0 /* AppDelegate.swift in Sources */,
			);
			runOnlyForDeploymentPostprocessing = 0;
		};
		40A438781A75973B00A24AA0 /* Sources */ = {
			isa = PBXSourcesBuildPhase;
			buildActionMask = 2147483647;
			files = (
				40A438831A75973B00A24AA0 /* Food_ExcludeTests.swift in Sources */,
			);
			runOnlyForDeploymentPostprocessing = 0;
		};
/* End PBXSourcesBuildPhase section */

/* Begin PBXTargetDependency section */
		40A4387E1A75973B00A24AA0 /* PBXTargetDependency */ = {
			isa = PBXTargetDependency;
			target = 40A438661A75973B00A24AA0 /* Food Exclude */;
			targetProxy = 40A4387D1A75973B00A24AA0 /* PBXContainerItemProxy */;
		};
/* End PBXTargetDependency section */

/* Begin PBXVariantGroup section */
		40A438701A75973B00A24AA0 /* Main.storyboard */ = {
			isa = PBXVariantGroup;
			children = (
				40A438711A75973B00A24AA0 /* Base */,
			);
			name = Main.storyboard;
			sourceTree = "<group>";
		};
		40A438751A75973B00A24AA0 /* LaunchScreen.xib */ = {
			isa = PBXVariantGroup;
			children = (
				40A438761A75973B00A24AA0 /* Base */,
			);
			name = LaunchScreen.xib;
			sourceTree = "<group>";
		};
/* End PBXVariantGroup section */

/* Begin XCBuildConfiguration section */
		40A438841A75973B00A24AA0 /* Debug */ = {
			isa = XCBuildConfiguration;
			buildSettings = {
				ALWAYS_SEARCH_USER_PATHS = NO;
				CLANG_CXX_LANGUAGE_STANDARD = "gnu++0x";
				CLANG_CXX_LIBRARY = "libc++";
				CLANG_ENABLE_MODULES = YES;
				CLANG_ENABLE_OBJC_ARC = YES;
				CLANG_WARN_BOOL_CONVERSION = YES;
				CLANG_WARN_CONSTANT_CONVERSION = YES;
				CLANG_WARN_DIRECT_OBJC_ISA_USAGE = YES_ERROR;
				CLANG_WARN_EMPTY_BODY = YES;
				CLANG_WARN_ENUM_CONVERSION = YES;
				CLANG_WARN_INT_CONVERSION = YES;
				CLANG_WARN_OBJC_ROOT_CLASS = YES_ERROR;
				CLANG_WARN_UNREACHABLE_CODE = YES;
				CLANG_WARN__DUPLICATE_METHOD_MATCH = YES;
				"CODE_SIGN_IDENTITY[sdk=iphoneos*]" = "iPhone Developer";
				COPY_PHASE_STRIP = NO;
				ENABLE_STRICT_OBJC_MSGSEND = YES;
				GCC_C_LANGUAGE_STANDARD = gnu99;
				GCC_DYNAMIC_NO_PIC = NO;
				GCC_OPTIMIZATION_LEVEL = 0;
				GCC_PREPROCESSOR_DEFINITIONS = (
					"DEBUG=1",
					"$(inherited)",
				);
				GCC_SYMBOLS_PRIVATE_EXTERN = NO;
				GCC_WARN_64_TO_32_BIT_CONVERSION = YES;
				GCC_WARN_ABOUT_RETURN_TYPE = YES_ERROR;
				GCC_WARN_UNDECLARED_SELECTOR = YES;
				GCC_WARN_UNINITIALIZED_AUTOS = YES_AGGRESSIVE;
				GCC_WARN_UNUSED_FUNCTION = YES;
				GCC_WARN_UNUSED_VARIABLE = YES;
				IPHONEOS_DEPLOYMENT_TARGET = 8.1;
				MTL_ENABLE_DEBUG_INFO = YES;
				ONLY_ACTIVE_ARCH = YES;
				SDKROOT = iphoneos;
				SWIFT_OPTIMIZATION_LEVEL = "-Onone";
			};
			name = Debug;
		};
		40A438851A75973B00A24AA0 /* Release */ = {
			isa = XCBuildConfiguration;
			buildSettings = {
				ALWAYS_SEARCH_USER_PATHS = NO;
				CLANG_CXX_LANGUAGE_STANDARD = "gnu++0x";
				CLANG_CXX_LIBRARY = "libc++";
				CLANG_ENABLE_MODULES = YES;
				CLANG_ENABLE_OBJC_ARC = YES;
				CLANG_WARN_BOOL_CONVERSION = YES;
				CLANG_WARN_CONSTANT_CONVERSION = YES;
				CLANG_WARN_DIRECT_OBJC_ISA_USAGE = YES_ERROR;
				CLANG_WARN_EMPTY_BODY = YES;
				CLANG_WARN_ENUM_CONVERSION = YES;
				CLANG_WARN_INT_CONVERSION = YES;
				CLANG_WARN_OBJC_ROOT_CLASS = YES_ERROR;
				CLANG_WARN_UNREACHABLE_CODE = YES;
				CLANG_WARN__DUPLICATE_METHOD_MATCH = YES;
				"CODE_SIGN_IDENTITY[sdk=iphoneos*]" = "iPhone Developer";
				COPY_PHASE_STRIP = YES;
				ENABLE_NS_ASSERTIONS = NO;
				ENABLE_STRICT_OBJC_MSGSEND = YES;
				GCC_C_LANGUAGE_STANDARD = gnu99;
				GCC_WARN_64_TO_32_BIT_CONVERSION = YES;
				GCC_WARN_ABOUT_RETURN_TYPE = YES_ERROR;
				GCC_WARN_UNDECLARED_SELECTOR = YES;
				GCC_WARN_UNINITIALIZED_AUTOS = YES_AGGRESSIVE;
				GCC_WARN_UNUSED_FUNCTION = YES;
				GCC_WARN_UNUSED_VARIABLE = YES;
				IPHONEOS_DEPLOYMENT_TARGET = 8.1;
				MTL_ENABLE_DEBUG_INFO = NO;
				SDKROOT = iphoneos;
				VALIDATE_PRODUCT = YES;
			};
			name = Release;
		};
		40A438871A75973B00A24AA0 /* Debug */ = {
			isa = XCBuildConfiguration;
			buildSettings = {
				ASSETCATALOG_COMPILER_APPICON_NAME = AppIcon;
				INFOPLIST_FILE = "Food Exclude/Info.plist";
				LD_RUNPATH_SEARCH_PATHS = "$(inherited) @executable_path/Frameworks";
				PRODUCT_NAME = "$(TARGET_NAME)";
			};
			name = Debug;
		};
		40A438881A75973B00A24AA0 /* Release */ = {
			isa = XCBuildConfiguration;
			buildSettings = {
				ASSETCATALOG_COMPILER_APPICON_NAME = AppIcon;
				INFOPLIST_FILE = "Food Exclude/Info.plist";
				LD_RUNPATH_SEARCH_PATHS = "$(inherited) @executable_path/Frameworks";
				PRODUCT_NAME = "$(TARGET_NAME)";
			};
			name = Release;
		};
		40A4388A1A75973B00A24AA0 /* Debug */ = {
			isa = XCBuildConfiguration;
			buildSettings = {
				BUNDLE_LOADER = "$(TEST_HOST)";
				FRAMEWORK_SEARCH_PATHS = (
					"$(SDKROOT)/Developer/Library/Frameworks",
					"$(inherited)",
				);
				GCC_PREPROCESSOR_DEFINITIONS = (
					"DEBUG=1",
					"$(inherited)",
				);
				INFOPLIST_FILE = "Food ExcludeTests/Info.plist";
				LD_RUNPATH_SEARCH_PATHS = "$(inherited) @executable_path/Frameworks @loader_path/Frameworks";
				PRODUCT_NAME = "$(TARGET_NAME)";
				TEST_HOST = "$(BUILT_PRODUCTS_DIR)/Food Exclude.app/Food Exclude";
			};
			name = Debug;
		};
		40A4388B1A75973B00A24AA0 /* Release */ = {
			isa = XCBuildConfiguration;
			buildSettings = {
				BUNDLE_LOADER = "$(TEST_HOST)";
				FRAMEWORK_SEARCH_PATHS = (
					"$(SDKROOT)/Developer/Library/Frameworks",
					"$(inherited)",
				);
				INFOPLIST_FILE = "Food ExcludeTests/Info.plist";
				LD_RUNPATH_SEARCH_PATHS = "$(inherited) @executable_path/Frameworks @loader_path/Frameworks";
				PRODUCT_NAME = "$(TARGET_NAME)";
				TEST_HOST = "$(BUILT_PRODUCTS_DIR)/Food Exclude.app/Food Exclude";
			};
			name = Release;
		};
/* End XCBuildConfiguration section */

/* Begin XCConfigurationList section */
		40A438621A75973B00A24AA0 /* Build configuration list for PBXProject "Food Exclude" */ = {
			isa = XCConfigurationList;
			buildConfigurations = (
				40A438841A75973B00A24AA0 /* Debug */,
				40A438851A75973B00A24AA0 /* Release */,
			);
			defaultConfigurationIsVisible = 0;
			defaultConfigurationName = Release;
		};
		40A438861A75973B00A24AA0 /* Build configuration list for PBXNativeTarget "Food Exclude" */ = {
			isa = XCConfigurationList;
			buildConfigurations = (
				40A438871A75973B00A24AA0 /* Debug */,
				40A438881A75973B00A24AA0 /* Release */,
			);
			defaultConfigurationIsVisible = 0;
			defaultConfigurationName = Release;
		};
		40A438891A75973B00A24AA0 /* Build configuration list for PBXNativeTarget "Food ExcludeTests" */ = {
			isa = XCConfigurationList;
			buildConfigurations = (
				40A4388A1A75973B00A24AA0 /* Debug */,
				40A4388B1A75973B00A24AA0 /* Release */,
			);
			defaultConfigurationIsVisible = 0;
			defaultConfigurationName = Release;
		};
/* End XCConfigurationList section */
	};
	rootObject = 40A4385F1A75973B00A24AA0 /* Project object */;
}
